
Microsoft Visual Studio Solution File, Format Version 12.00
# Visual Studio Version 16
VisualStudioVersion = 16.0.31911.196
MinimumVisualStudioVersion = 10.0.40219.1
Project("{FAE04EC0-301F-11D3-BF4B-00C04F79EFBC}") = "TestThing", "TestThing\TestThing.csproj", "{542DC2DC-9984-498F-B2BE-E6C43C320E30}"
EndProject
Global
	GlobalSection(SolutionConfigurationPlatforms) = preSolution
		Debug|Any CPU = Debug|Any CPU
		Release|Any CPU = Release|Any CPU
	EndGlobalSection
	GlobalSection(ProjectConfigurationPlatforms) = postSolution
		{542DC2DC-9984-498F-B2BE-E6C43C320E30}.Debug|Any CPU.ActiveCfg = Debug|Any CPU
		{542DC2DC-9984-498F-B2BE-E6C43C320E30}.Debug|Any CPU.Build.0 = Debug|Any CPU
		{542DC2DC-9984-498F-B2BE-E6C43C320E30}.Release|Any CPU.ActiveCfg = Release|Any CPU
		{542DC2DC-9984-498F-B2BE-E6C43C320E30}.Release|Any CPU.Build.0 = Release|Any CPU
	EndGlobalSection
	GlobalSection(SolutionProperties) = preSolution
		HideSolutionNode = FALSE
	EndGlobalSection
	GlobalSection(ExtensibilityGlobals) = postSolution
		SolutionGuid = {170E7AA6-6872-442D-A858-885A4B96F435}
	EndGlobalSection
EndGlobal
